
Microsoft Visual Studio Solution File, Format Version 12.00
# Visual Studio Version 17
VisualStudioVersion = 17.1.32328.378
MinimumVisualStudioVersion = 10.0.40219.1
Project("{FAE04EC0-301F-11D3-BF4B-00C04F79EFBC}") = "LogicGatesVisualization", "LogicGatesVisualization\LogicGatesVisualization.csproj", "{3597504C-C488-49A5-AA0B-3A2CAAD197DB}"
EndProject
Global
	GlobalSection(SolutionConfigurationPlatforms) = preSolution
		Debug|Any CPU = Debug|Any CPU
		Release|Any CPU = Release|Any CPU
	EndGlobalSection
	GlobalSection(ProjectConfigurationPlatforms) = postSolution
		{3597504C-C488-49A5-AA0B-3A2CAAD197DB}.Debug|Any CPU.ActiveCfg = Debug|Any CPU
		{3597504C-C488-49A5-AA0B-3A2CAAD197DB}.Debug|Any CPU.Build.0 = Debug|Any CPU
		{3597504C-C488-49A5-AA0B-3A2CAAD197DB}.Release|Any CPU.ActiveCfg = Release|Any CPU
		{3597504C-C488-49A5-AA0B-3A2CAAD197DB}.Release|Any CPU.Build.0 = Release|Any CPU
	EndGlobalSection
	GlobalSection(SolutionProperties) = preSolution
		HideSolutionNode = FALSE
	EndGlobalSection
	GlobalSection(ExtensibilityGlobals) = postSolution
		SolutionGuid = {37058811-BE13-44CE-B0C0-034A0B7506D5}
	EndGlobalSection
EndGlobal
